{
  "name": "New folder",
  "lockfileVersion": 3,
  "requires": true,
  "packages": {
    "": {
      "dependencies": {
        "@rajesh896/video-thumbnails-generator": "^2.3.9"
      }
    },
    "node_modules/@rajesh896/video-thumbnails-generator": {
      "version": "2.3.9",
      "resolved": "https://registry.npmjs.org/@rajesh896/video-thumbnails-generator/-/video-thumbnails-generator-2.3.9.tgz",
      "integrity": "sha512-tV775KsZpyhaXMG/z+APNBL8bpGSaYgvCmELC7k3z0n6rGcFhsDhFFqJkmguiVR83bNLWth8wdFOGkpsBS3Jzw==",
      "license": "MIT"
    }
  }
}
